
Microsoft Visual Studio Solution File, Format Version 12.00
# Visual Studio Version 17
VisualStudioVersion = 17.12.35527.113 d17.12
MinimumVisualStudioVersion = 10.0.40219.1
Project("{FAE04EC0-301F-11D3-BF4B-00C04F79EFBC}") = "LunarLander", "LunarLander.csproj", "{B6B9D60E-652E-4C79-A008-47B1FD9C526F}"
EndProject
Global
	GlobalSection(SolutionConfigurationPlatforms) = preSolution
		Debug|Any CPU = Debug|Any CPU
		Release|Any CPU = Release|Any CPU
	EndGlobalSection
	GlobalSection(ProjectConfigurationPlatforms) = postSolution
		{B6B9D60E-652E-4C79-A008-47B1FD9C526F}.Debug|Any CPU.ActiveCfg = Debug|Any CPU
		{B6B9D60E-652E-4C79-A008-47B1FD9C526F}.Debug|Any CPU.Build.0 = Debug|Any CPU
		{B6B9D60E-652E-4C79-A008-47B1FD9C526F}.Release|Any CPU.ActiveCfg = Release|Any CPU
		{B6B9D60E-652E-4C79-A008-47B1FD9C526F}.Release|Any CPU.Build.0 = Release|Any CPU
	EndGlobalSection
	GlobalSection(SolutionProperties) = preSolution
		HideSolutionNode = FALSE
	EndGlobalSection
EndGlobal
